
Microsoft Visual Studio Solution File, Format Version 12.00
# Visual Studio Version 17
VisualStudioVersion = 17.0.32112.339
MinimumVisualStudioVersion = 10.0.40219.1
Project("{FAE04EC0-301F-11D3-BF4B-00C04F79EFBC}") = "FortigateSNMP-SnmpSharpNet", "FortigateSNMP-SnmpSharpNet\FortigateSNMP-SnmpSharpNet.csproj", "{2E6838D3-FD67-4FDA-A8F2-8E9DC62003F9}"
EndProject
Global
	GlobalSection(SolutionConfigurationPlatforms) = preSolution
		Debug|Any CPU = Debug|Any CPU
		Release|Any CPU = Release|Any CPU
	EndGlobalSection
	GlobalSection(ProjectConfigurationPlatforms) = postSolution
		{2E6838D3-FD67-4FDA-A8F2-8E9DC62003F9}.Debug|Any CPU.ActiveCfg = Debug|Any CPU
		{2E6838D3-FD67-4FDA-A8F2-8E9DC62003F9}.Debug|Any CPU.Build.0 = Debug|Any CPU
		{2E6838D3-FD67-4FDA-A8F2-8E9DC62003F9}.Release|Any CPU.ActiveCfg = Release|Any CPU
		{2E6838D3-FD67-4FDA-A8F2-8E9DC62003F9}.Release|Any CPU.Build.0 = Release|Any CPU
	EndGlobalSection
	GlobalSection(SolutionProperties) = preSolution
		HideSolutionNode = FALSE
	EndGlobalSection
	GlobalSection(ExtensibilityGlobals) = postSolution
		SolutionGuid = {0EA121A0-2944-4AAD-8CD2-929DE4A1415F}
	EndGlobalSection
EndGlobal
